
Microsoft Visual Studio Solution File, Format Version 11.00
# Visual Studio 2010
Project("{FAE04EC0-301F-11D3-BF4B-00C04F79EFBC}") = "Assembly-CSharp", "Assembly-CSharp.csproj", "{90FB8EF9-E1C3-D09D-674E-10E4D0AAF731}"
EndProject
Project("{FAE04EC0-301F-11D3-BF4B-00C04F79EFBC}") = "Assembly-CSharp-Editor", "Assembly-CSharp-Editor.csproj", "{4275E8E0-CA93-4142-F371-7519F6D2C14A}"
EndProject
Global
	GlobalSection(SolutionConfigurationPlatforms) = preSolution
		Debug|Any CPU = Debug|Any CPU
		Release|Any CPU = Release|Any CPU
	EndGlobalSection
	GlobalSection(ProjectConfigurationPlatforms) = postSolution
		{90FB8EF9-E1C3-D09D-674E-10E4D0AAF731}.Debug|Any CPU.ActiveCfg = Debug|Any CPU
		{90FB8EF9-E1C3-D09D-674E-10E4D0AAF731}.Debug|Any CPU.Build.0 = Debug|Any CPU
		{90FB8EF9-E1C3-D09D-674E-10E4D0AAF731}.Release|Any CPU.ActiveCfg = Release|Any CPU
		{90FB8EF9-E1C3-D09D-674E-10E4D0AAF731}.Release|Any CPU.Build.0 = Release|Any CPU
		{4275E8E0-CA93-4142-F371-7519F6D2C14A}.Debug|Any CPU.ActiveCfg = Debug|Any CPU
		{4275E8E0-CA93-4142-F371-7519F6D2C14A}.Debug|Any CPU.Build.0 = Debug|Any CPU
		{4275E8E0-CA93-4142-F371-7519F6D2C14A}.Release|Any CPU.ActiveCfg = Release|Any CPU
		{4275E8E0-CA93-4142-F371-7519F6D2C14A}.Release|Any CPU.Build.0 = Release|Any CPU
	EndGlobalSection
	GlobalSection(SolutionProperties) = preSolution
		HideSolutionNode = FALSE
	EndGlobalSection
EndGlobal
